// !$*UTF8*$!
{
	archiveVersion = 1;
	classes = {
	};
	objectVersion = 77;
	objects = {

/* Begin PBXBuildFile section */
		428FEEC72FAF30000097E665 /* IhsanPrayerTimes in Frameworks */ = {isa = PBXBuildFile; productRef = 428FEEC82FAF30000097E665 /* IhsanPrayerTimes */; };
		428FEECB2FAF30000097E665 /* IhsanCore in Frameworks */ = {isa = PBXBuildFile; productRef = 428FEECC2FAF30000097E665 /* IhsanCore */; };
		428FEED02FAF30000097E665 /* IhsanIntents in Frameworks */ = {isa = PBXBuildFile; productRef = 428FEED12FAF30000097E665 /* IhsanIntents */; };
		428FEED32FAF30000097E665 /* IhsanLocation in Frameworks */ = {isa = PBXBuildFile; productRef = 428FEED42FAF30000097E665 /* IhsanLocation */; };
		428FEED62FAF30000097E665 /* IhsanDesignSystem in Frameworks */ = {isa = PBXBuildFile; productRef = 428FEED72FAF30000097E665 /* IhsanDesignSystem */; };
		428FEEE02FAF30000097E665 /* IhsanFiqhConfig in Frameworks */ = {isa = PBXBuildFile; productRef = 428FEEE12FAF30000097E665 /* IhsanFiqhConfig */; };
		4F4A1C2044EF273BD83594AD /* IhsanNotifications in Frameworks */ = {isa = PBXBuildFile; productRef = 013613F2DD60853016B1DAFC /* IhsanNotifications */; };
		4F1D5E1100000000000000B1 /* IhsanCore in Frameworks */ = {isa = PBXBuildFile; productRef = 4F1D5E1100000000000000C1 /* IhsanCore */; };
		4F1D5E1100000000000000B2 /* IhsanPrayerTimes in Frameworks */ = {isa = PBXBuildFile; productRef = 4F1D5E1100000000000000C2 /* IhsanPrayerTimes */; };
		4F1D5E1100000000000000B3 /* IhsanIntents in Frameworks */ = {isa = PBXBuildFile; productRef = 4F1D5E1100000000000000C3 /* IhsanIntents */; };
		4F1D5E1100000000000000B4 /* IhsanDesignSystem in Frameworks */ = {isa = PBXBuildFile; productRef = 4F1D5E1100000000000000C4 /* IhsanDesignSystem */; };
		4F1D5E1100000000000000B5 /* ihsanWidgets.appex in Embed Foundation Extensions */ = {isa = PBXBuildFile; fileRef = 4F1D5E1100000000000000A1 /* ihsanWidgets.appex */; settings = {ATTRIBUTES = (RemoveHeadersOnCopy, ); }; };
		5C12E844E98374F64FD0A1BA /* ActivityKit.framework in Frameworks */ = {isa = PBXBuildFile; fileRef = B251AD43FD8E68139A77692A /* ActivityKit.framework */; };
		5A00000000000000000B0001 /* IhsanCore in Frameworks */ = {isa = PBXBuildFile; productRef = 5A00000000000000000C0001 /* IhsanCore */; };
		5A00000000000000000B0002 /* IhsanPrayerTimes in Frameworks */ = {isa = PBXBuildFile; productRef = 5A00000000000000000C0002 /* IhsanPrayerTimes */; };
		5A00000000000000000B0003 /* IhsanIntents in Frameworks */ = {isa = PBXBuildFile; productRef = 5A00000000000000000C0003 /* IhsanIntents */; };
		5A00000000000000000B0004 /* IhsanLocation in Frameworks */ = {isa = PBXBuildFile; productRef = 5A00000000000000000C0004 /* IhsanLocation */; };
		5A00000000000000000B0005 /* IhsanDesignSystem in Frameworks */ = {isa = PBXBuildFile; productRef = 5A00000000000000000C0005 /* IhsanDesignSystem */; };
		5A00000000000000000B0006 /* IhsanFiqhConfig in Frameworks */ = {isa = PBXBuildFile; productRef = 5A00000000000000000C0006 /* IhsanFiqhConfig */; };
		6B00000000000000000B0001 /* IhsanCore in Frameworks */ = {isa = PBXBuildFile; productRef = 6B00000000000000000C0001 /* IhsanCore */; };
		6B00000000000000000B0002 /* IhsanPrayerTimes in Frameworks */ = {isa = PBXBuildFile; productRef = 6B00000000000000000C0002 /* IhsanPrayerTimes */; };
		6B00000000000000000B0003 /* IhsanLocation in Frameworks */ = {isa = PBXBuildFile; productRef = 6B00000000000000000C0003 /* IhsanLocation */; };
		6B00000000000000000B0004 /* IhsanDesignSystem in Frameworks */ = {isa = PBXBuildFile; productRef = 6B00000000000000000C0004 /* IhsanDesignSystem */; };
		6B00000000000000000B0005 /* IhsanIntents in Frameworks */ = {isa = PBXBuildFile; productRef = 6B00000000000000000C0005 /* IhsanIntents */; };
		ADC19F43D9CC99D8E04A514D /* PrayerActivityAttributes.swift in Sources */ = {isa = PBXBuildFile; fileRef = AC1C02685A2B52C41F7FC2B4 /* PrayerActivityAttributes.swift */; };
		E1861EED40D9A99C7BFE9DB2 /* ActivityKit.framework in Frameworks */ = {isa = PBXBuildFile; fileRef = B251AD43FD8E68139A77692A /* ActivityKit.framework */; };
		7C00000000000000000D0001 /* ihsanWatch.app in Embed Watch Content */ = {isa = PBXBuildFile; fileRef = 5A00000000000000000A0002 /* ihsanWatch.app */; platformFilter = ios; settings = {ATTRIBUTES = (RemoveHeadersOnCopy, ); }; };
		7C00000000000000000E0001 /* ihsanWatchWidgets.appex in Embed Foundation Extensions */ = {isa = PBXBuildFile; fileRef = 6B00000000000000000A0002 /* ihsanWatchWidgets.appex */; settings = {ATTRIBUTES = (RemoveHeadersOnCopy, ); }; };
/* End PBXBuildFile section */

/* Begin PBXContainerItemProxy section */
		428FEEAB2FAF234C0097E665 /* PBXContainerItemProxy */ = {
			isa = PBXContainerItemProxy;
			containerPortal = 428FEE952FAF234A0097E665 /* Project object */;
			proxyType = 1;
			remoteGlobalIDString = 428FEE9C2FAF234A0097E665;
			remoteInfo = ihsan;
		};
		428FEEB52FAF234C0097E665 /* PBXContainerItemProxy */ = {
			isa = PBXContainerItemProxy;
			containerPortal = 428FEE952FAF234A0097E665 /* Project object */;
			proxyType = 1;
			remoteGlobalIDString = 428FEE9C2FAF234A0097E665;
			remoteInfo = ihsan;
		};
		4F1D5E1100000000000000D1 /* PBXContainerItemProxy */ = {
			isa = PBXContainerItemProxy;
			containerPortal = 428FEE952FAF234A0097E665 /* Project object */;
			proxyType = 1;
			remoteGlobalIDString = 4F1D5E1100000000000000A3;
			remoteInfo = ihsanWidgets;
		};
		7C00000000000000000D0004 /* PBXContainerItemProxy */ = {
			isa = PBXContainerItemProxy;
			containerPortal = 428FEE952FAF234A0097E665 /* Project object */;
			proxyType = 1;
			remoteGlobalIDString = 5A00000000000000000A0001;
			remoteInfo = ihsanWatch;
		};
		7C00000000000000000E0003 /* PBXContainerItemProxy */ = {
			isa = PBXContainerItemProxy;
			containerPortal = 428FEE952FAF234A0097E665 /* Project object */;
			proxyType = 1;
			remoteGlobalIDString = 6B00000000000000000A0001;
			remoteInfo = ihsanWatchWidgets;
		};
/* End PBXContainerItemProxy section */
/* Begin PBXCopyFilesBuildPhase section */
		4F1D5E1100000000000000A7 /* Embed Foundation Extensions */ = {
			isa = PBXCopyFilesBuildPhase;
			buildActionMask = 2147483647;
			dstPath = "";
			dstSubfolderSpec = 13;
			files = (
				4F1D5E1100000000000000B5 /* ihsanWidgets.appex in Embed Foundation Extensions */,
			);
			name = "Embed Foundation Extensions";
			runOnlyForDeploymentPostprocessing = 0;
		};
		5A00000000000000000A000A /* Embed Foundation Extensions */ = {
			isa = PBXCopyFilesBuildPhase;
			buildActionMask = 2147483647;
			dstPath = "";
			dstSubfolderSpec = 13;
			files = (
				7C00000000000000000E0001 /* ihsanWatchWidgets.appex in Embed Foundation Extensions */,
			);
			name = "Embed Foundation Extensions";
			runOnlyForDeploymentPostprocessing = 0;
		};
		7C00000000000000000D0002 /* Embed Watch Content */ = {
			isa = PBXCopyFilesBuildPhase;
			buildActionMask = 2147483647;
			dstPath = "$(CONTENTS_FOLDER_PATH)/Watch";
			dstSubfolderSpec = 16;
			files = (
				7C00000000000000000D0001 /* ihsanWatch.app in Embed Watch Content */,
			);
			name = "Embed Watch Content";
			runOnlyForDeploymentPostprocessing = 0;
		};
/* End PBXCopyFilesBuildPhase section */

/* Begin PBXFileReference section */
		428FEE9D2FAF234A0097E665 /* ihsan.app */ = {isa = PBXFileReference; explicitFileType = wrapper.application; includeInIndex = 0; path = ihsan.app; sourceTree = BUILT_PRODUCTS_DIR; };
		428FEEAA2FAF234C0097E665 /* ihsanTests.xctest */ = {isa = PBXFileReference; explicitFileType = wrapper.cfbundle; includeInIndex = 0; path = ihsanTests.xctest; sourceTree = BUILT_PRODUCTS_DIR; };
		428FEEB42FAF234C0097E665 /* ihsanUITests.xctest */ = {isa = PBXFileReference; explicitFileType = wrapper.cfbundle; includeInIndex = 0; path = ihsanUITests.xctest; sourceTree = BUILT_PRODUCTS_DIR; };
		4F1D5E1100000000000000A1 /* ihsanWidgets.appex */ = {isa = PBXFileReference; explicitFileType = "wrapper.app-extension"; includeInIndex = 0; path = ihsanWidgets.appex; sourceTree = BUILT_PRODUCTS_DIR; };
		5A00000000000000000A0002 /* ihsanWatch.app */ = {isa = PBXFileReference; explicitFileType = wrapper.application; includeInIndex = 0; path = ihsanWatch.app; sourceTree = BUILT_PRODUCTS_DIR; };
		6B00000000000000000A0002 /* ihsanWatchWidgets.appex */ = {isa = PBXFileReference; explicitFileType = "wrapper.app-extension"; includeInIndex = 0; path = ihsanWatchWidgets.appex; sourceTree = BUILT_PRODUCTS_DIR; };
		AC1C02685A2B52C41F7FC2B4 /* PrayerActivityAttributes.swift */ = {isa = PBXFileReference; lastKnownFileType = sourcecode.swift; path = ihsanWidgets/LiveActivities/PrayerActivityAttributes.swift; sourceTree = "<group>"; };
		B251AD43FD8E68139A77692A /* ActivityKit.framework */ = {isa = PBXFileReference; lastKnownFileType = wrapper.framework; name = ActivityKit.framework; path = System/Library/Frameworks/ActivityKit.framework; sourceTree = SDKROOT; };
/* End PBXFileReference section */

/* Begin PBXFileSystemSynchronizedRootGroup section */
		428FEE9F2FAF234A0097E665 /* ihsan */ = {
			isa = PBXFileSystemSynchronizedRootGroup;
			exceptions = (
				EE86F7A60B09F5D533D6DEF5 /* PBXFileSystemSynchronizedBuildFileExceptionSet */,
			);
			explicitFileTypes = {
			};
			explicitFolders = (
			);
			path = ihsan;
			sourceTree = "<group>";
		};
		428FEEAD2FAF234C0097E665 /* ihsanTests */ = {
			isa = PBXFileSystemSynchronizedRootGroup;
			path = ihsanTests;
			sourceTree = "<group>";
		};
		428FEEB72FAF234C0097E665 /* ihsanUITests */ = {
			isa = PBXFileSystemSynchronizedRootGroup;
			path = ihsanUITests;
			sourceTree = "<group>";
		};
		4F1D5E1100000000000000A2 /* ihsanWidgets */ = {
			isa = PBXFileSystemSynchronizedRootGroup;
			exceptions = (
				4F1D5E1100000000000000A8 /* PBXFileSystemSynchronizedBuildFileExceptionSet */,
			);
			explicitFileTypes = {
			};
			explicitFolders = (
			);
			path = ihsanWidgets;
			sourceTree = "<group>";
		};
		5A00000000000000000A0003 /* ihsanWatch */ = {
			isa = PBXFileSystemSynchronizedRootGroup;
			exceptions = (
				5A00000000000000000A000B /* PBXFileSystemSynchronizedBuildFileExceptionSet */,
			);
			path = ihsanWatch;
			sourceTree = "<group>";
		};
		6B00000000000000000A0003 /* ihsanWatchWidgets */ = {
			isa = PBXFileSystemSynchronizedRootGroup;
			exceptions = (
				6B00000000000000000A000B /* PBXFileSystemSynchronizedBuildFileExceptionSet */,
			);
			path = ihsanWatchWidgets;
			sourceTree = "<group>";
		};
/* End PBXFileSystemSynchronizedRootGroup section */

/* Begin PBXFileSystemSynchronizedBuildFileExceptionSet section */
		EE86F7A60B09F5D533D6DEF5 /* PBXFileSystemSynchronizedBuildFileExceptionSet */ = {
			isa = PBXFileSystemSynchronizedBuildFileExceptionSet;
			membershipExceptions = (
				Info.plist,
				ihsan.entitlements,
			);
			target = 428FEE9C2FAF234A0097E665 /* ihsan */;
		};
		4F1D5E1100000000000000A8 /* PBXFileSystemSynchronizedBuildFileExceptionSet */ = {
			isa = PBXFileSystemSynchronizedBuildFileExceptionSet;
			membershipExceptions = (
				Info.plist,
				ihsanWidgets.entitlements,
			);
			target = 4F1D5E1100000000000000A3 /* ihsanWidgets */;
		};
		5A00000000000000000A000B /* PBXFileSystemSynchronizedBuildFileExceptionSet */ = {
			isa = PBXFileSystemSynchronizedBuildFileExceptionSet;
			membershipExceptions = (
				Info.plist,
				ihsanWatch.entitlements,
			);
			target = 5A00000000000000000A0001 /* ihsanWatch */;
		};
		6B00000000000000000A000B /* PBXFileSystemSynchronizedBuildFileExceptionSet */ = {
			isa = PBXFileSystemSynchronizedBuildFileExceptionSet;
			membershipExceptions = (
				Info.plist,
				ihsanWatchWidgets.entitlements,
			);
			target = 6B00000000000000000A0001 /* ihsanWatchWidgets */;
		};
/* End PBXFileSystemSynchronizedBuildFileExceptionSet section */

/* Begin PBXFrameworksBuildPhase section */
		428FEE9A2FAF234A0097E665 /* Frameworks */ = {
			isa = PBXFrameworksBuildPhase;
			buildActionMask = 2147483647;
			files = (
				428FEEC72FAF30000097E665 /* IhsanPrayerTimes in Frameworks */,
				428FEECB2FAF30000097E665 /* IhsanCore in Frameworks */,
				428FEED02FAF30000097E665 /* IhsanIntents in Frameworks */,
				428FEED32FAF30000097E665 /* IhsanLocation in Frameworks */,
				428FEED62FAF30000097E665 /* IhsanDesignSystem in Frameworks */,
				428FEEE02FAF30000097E665 /* IhsanFiqhConfig in Frameworks */,
				4F4A1C2044EF273BD83594AD /* IhsanNotifications in Frameworks */,
				E1861EED40D9A99C7BFE9DB2 /* ActivityKit.framework in Frameworks */,
			);
			runOnlyForDeploymentPostprocessing = 0;
		};
		428FEEA72FAF234C0097E665 /* Frameworks */ = {
			isa = PBXFrameworksBuildPhase;
			buildActionMask = 2147483647;
			files = (
			);
			runOnlyForDeploymentPostprocessing = 0;
		};
		428FEEB12FAF234C0097E665 /* Frameworks */ = {
			isa = PBXFrameworksBuildPhase;
			buildActionMask = 2147483647;
			files = (
			);
			runOnlyForDeploymentPostprocessing = 0;
		};
		4F1D5E1100000000000000A5 /* Frameworks */ = {
			isa = PBXFrameworksBuildPhase;
			buildActionMask = 2147483647;
			files = (
				4F1D5E1100000000000000B1 /* IhsanCore in Frameworks */,
				4F1D5E1100000000000000B2 /* IhsanPrayerTimes in Frameworks */,
				4F1D5E1100000000000000B3 /* IhsanIntents in Frameworks */,
				4F1D5E1100000000000000B4 /* IhsanDesignSystem in Frameworks */,
				5C12E844E98374F64FD0A1BA /* ActivityKit.framework in Frameworks */,
			);
			runOnlyForDeploymentPostprocessing = 0;
		};
		5A00000000000000000A0008 /* Frameworks */ = {
			isa = PBXFrameworksBuildPhase;
			buildActionMask = 2147483647;
			files = (
				5A00000000000000000B0001 /* IhsanCore in Frameworks */,
				5A00000000000000000B0002 /* IhsanPrayerTimes in Frameworks */,
				5A00000000000000000B0003 /* IhsanIntents in Frameworks */,
				5A00000000000000000B0004 /* IhsanLocation in Frameworks */,
				5A00000000000000000B0005 /* IhsanDesignSystem in Frameworks */,
				5A00000000000000000B0006 /* IhsanFiqhConfig in Frameworks */,
			);
			runOnlyForDeploymentPostprocessing = 0;
		};
		6B00000000000000000A0008 /* Frameworks */ = {
			isa = PBXFrameworksBuildPhase;
			buildActionMask = 2147483647;
			files = (
				6B00000000000000000B0001 /* IhsanCore in Frameworks */,
				6B00000000000000000B0002 /* IhsanPrayerTimes in Frameworks */,
				6B00000000000000000B0003 /* IhsanLocation in Frameworks */,
				6B00000000000000000B0004 /* IhsanDesignSystem in Frameworks */,
				6B00000000000000000B0005 /* IhsanIntents in Frameworks */,
			);
			runOnlyForDeploymentPostprocessing = 0;
		};
/* End PBXFrameworksBuildPhase section */

/* Begin PBXGroup section */
		428FEE942FAF234A0097E665 = {
			isa = PBXGroup;
			children = (
				428FEE9F2FAF234A0097E665 /* ihsan */,
				4F1D5E1100000000000000A2 /* ihsanWidgets */,
				5A00000000000000000A0003 /* ihsanWatch */,
				6B00000000000000000A0003 /* ihsanWatchWidgets */,
				428FEEAD2FAF234C0097E665 /* ihsanTests */,
				428FEEB72FAF234C0097E665 /* ihsanUITests */,
				428FEE9E2FAF234A0097E665 /* Products */,
			);
			sourceTree = "<group>";
		};
		428FEE9E2FAF234A0097E665 /* Products */ = {
			isa = PBXGroup;
			children = (
				428FEE9D2FAF234A0097E665 /* ihsan.app */,
				428FEEAA2FAF234C0097E665 /* ihsanTests.xctest */,
				428FEEB42FAF234C0097E665 /* ihsanUITests.xctest */,
				4F1D5E1100000000000000A1 /* ihsanWidgets.appex */,
				5A00000000000000000A0002 /* ihsanWatch.app */,
				6B00000000000000000A0002 /* ihsanWatchWidgets.appex */,
			);
			name = Products;
			sourceTree = "<group>";
		};
/* End PBXGroup section */

/* Begin PBXNativeTarget section */
		428FEE9C2FAF234A0097E665 /* ihsan */ = {
			isa = PBXNativeTarget;
			buildConfigurationList = 428FEEBE2FAF234C0097E665 /* Build configuration list for PBXNativeTarget "ihsan" */;
			buildPhases = (
				428FEE992FAF234A0097E665 /* Sources */,
				428FEE9A2FAF234A0097E665 /* Frameworks */,
				428FEE9B2FAF234A0097E665 /* Resources */,
				4F1D5E1100000000000000A7 /* Embed Foundation Extensions */,
				7C00000000000000000D0002 /* Embed Watch Content */,
			);
			buildRules = (
			);
			dependencies = (
				7C00000000000000000D0003 /* PBXTargetDependency */,
				4F1D5E1100000000000000D2 /* PBXTargetDependency */,
			);
			fileSystemSynchronizedGroups = (
				428FEE9F2FAF234A0097E665 /* ihsan */,
			);
			name = ihsan;
			packageProductDependencies = (
				428FEEC82FAF30000097E665 /* IhsanPrayerTimes */,
				428FEECC2FAF30000097E665 /* IhsanCore */,
				428FEED12FAF30000097E665 /* IhsanIntents */,
				428FEED42FAF30000097E665 /* IhsanLocation */,
				428FEED72FAF30000097E665 /* IhsanDesignSystem */,
				428FEEE12FAF30000097E665 /* IhsanFiqhConfig */,
				013613F2DD60853016B1DAFC /* IhsanNotifications */,
			);
			productName = ihsan;
			productReference = 428FEE9D2FAF234A0097E665 /* ihsan.app */;
			productType = "com.apple.product-type.application";
		};
		4F1D5E1100000000000000A3 /* ihsanWidgets */ = {
			isa = PBXNativeTarget;
			buildConfigurationList = 4F1D5E1100000000000000D3 /* Build configuration list for PBXNativeTarget "ihsanWidgets" */;
			buildPhases = (
				4F1D5E1100000000000000A4 /* Sources */,
				4F1D5E1100000000000000A5 /* Frameworks */,
				4F1D5E1100000000000000A6 /* Resources */,
			);
			buildRules = (
			);
			dependencies = (
			);
			fileSystemSynchronizedGroups = (
				4F1D5E1100000000000000A2 /* ihsanWidgets */,
			);
			name = ihsanWidgets;
			packageProductDependencies = (
				4F1D5E1100000000000000C1 /* IhsanCore */,
				4F1D5E1100000000000000C2 /* IhsanPrayerTimes */,
				4F1D5E1100000000000000C3 /* IhsanIntents */,
				4F1D5E1100000000000000C4 /* IhsanDesignSystem */,
			);
			productName = ihsanWidgets;
			productReference = 4F1D5E1100000000000000A1 /* ihsanWidgets.appex */;
			productType = "com.apple.product-type.app-extension";
		};
		428FEEA92FAF234C0097E665 /* ihsanTests */ = {
			isa = PBXNativeTarget;
			buildConfigurationList = 428FEEC12FAF234C0097E665 /* Build configuration list for PBXNativeTarget "ihsanTests" */;
			buildPhases = (
				428FEEA62FAF234C0097E665 /* Sources */,
				428FEEA72FAF234C0097E665 /* Frameworks */,
				428FEEA82FAF234C0097E665 /* Resources */,
			);
			buildRules = (
			);
			dependencies = (
				428FEEAC2FAF234C0097E665 /* PBXTargetDependency */,
			);
			fileSystemSynchronizedGroups = (
				428FEEAD2FAF234C0097E665 /* ihsanTests */,
			);
			name = ihsanTests;
			packageProductDependencies = (
			);
			productName = ihsanTests;
			productReference = 428FEEAA2FAF234C0097E665 /* ihsanTests.xctest */;
			productType = "com.apple.product-type.bundle.unit-test";
		};
		428FEEB32FAF234C0097E665 /* ihsanUITests */ = {
			isa = PBXNativeTarget;
			buildConfigurationList = 428FEEC42FAF234C0097E665 /* Build configuration list for PBXNativeTarget "ihsanUITests" */;
			buildPhases = (
				428FEEB02FAF234C0097E665 /* Sources */,
				428FEEB12FAF234C0097E665 /* Frameworks */,
				428FEEB22FAF234C0097E665 /* Resources */,
			);
			buildRules = (
			);
			dependencies = (
				428FEEB62FAF234C0097E665 /* PBXTargetDependency */,
			);
			fileSystemSynchronizedGroups = (
				428FEEB72FAF234C0097E665 /* ihsanUITests */,
			);
			name = ihsanUITests;
			packageProductDependencies = (
			);
			productName = ihsanUITests;
			productReference = 428FEEB42FAF234C0097E665 /* ihsanUITests.xctest */;
			productType = "com.apple.product-type.bundle.ui-testing";
		};
		5A00000000000000000A0001 /* ihsanWatch */ = {
			isa = PBXNativeTarget;
			buildConfigurationList = 5A00000000000000000A0004 /* Build configuration list for PBXNativeTarget "ihsanWatch" */;
			buildPhases = (
				5A00000000000000000A0007 /* Sources */,
				5A00000000000000000A0008 /* Frameworks */,
				5A00000000000000000A0009 /* Resources */,
				5A00000000000000000A000A /* Embed Foundation Extensions */,
			);
			buildRules = (
			);
			dependencies = (
				7C00000000000000000E0002 /* PBXTargetDependency */,
			);
			fileSystemSynchronizedGroups = (
				5A00000000000000000A0003 /* ihsanWatch */,
			);
			name = ihsanWatch;
			packageProductDependencies = (
				5A00000000000000000C0001 /* IhsanCore */,
				5A00000000000000000C0002 /* IhsanPrayerTimes */,
				5A00000000000000000C0003 /* IhsanIntents */,
				5A00000000000000000C0004 /* IhsanLocation */,
				5A00000000000000000C0005 /* IhsanDesignSystem */,
				5A00000000000000000C0006 /* IhsanFiqhConfig */,
			);
			productName = ihsanWatch;
			productReference = 5A00000000000000000A0002 /* ihsanWatch.app */;
			productType = "com.apple.product-type.application";
		};
		6B00000000000000000A0001 /* ihsanWatchWidgets */ = {
			isa = PBXNativeTarget;
			buildConfigurationList = 6B00000000000000000A0004 /* Build configuration list for PBXNativeTarget "ihsanWatchWidgets" */;
			buildPhases = (
				6B00000000000000000A0007 /* Sources */,
				6B00000000000000000A0008 /* Frameworks */,
				6B00000000000000000A0009 /* Resources */,
			);
			buildRules = (
			);
			dependencies = (
			);
			fileSystemSynchronizedGroups = (
				6B00000000000000000A0003 /* ihsanWatchWidgets */,
			);
			name = ihsanWatchWidgets;
			packageProductDependencies = (
				6B00000000000000000C0001 /* IhsanCore */,
				6B00000000000000000C0002 /* IhsanPrayerTimes */,
				6B00000000000000000C0003 /* IhsanLocation */,
				6B00000000000000000C0004 /* IhsanDesignSystem */,
				6B00000000000000000C0005 /* IhsanIntents */,
			);
			productName = ihsanWatchWidgets;
			productReference = 6B00000000000000000A0002 /* ihsanWatchWidgets.appex */;
			productType = "com.apple.product-type.app-extension";
		};
/* End PBXNativeTarget section */

/* Begin PBXProject section */
		428FEE952FAF234A0097E665 /* Project object */ = {
			isa = PBXProject;
			attributes = {
				BuildIndependentTargetsInParallel = 1;
				LastSwiftUpdateCheck = 2640;
				LastUpgradeCheck = 2640;
				TargetAttributes = {
					428FEEA92FAF234C0097E665 = {
						CreatedOnToolsVersion = 26.4.1;
						TestTargetID = 428FEE9C2FAF234A0097E665;
					};
					428FEEB32FAF234C0097E665 = {
						CreatedOnToolsVersion = 26.4.1;
						TestTargetID = 428FEE9C2FAF234A0097E665;
					};
					4F1D5E1100000000000000A3 = {
						CreatedOnToolsVersion = 26.4.1;
					};
					428FEE9C2FAF234A0097E665 = {
						CreatedOnToolsVersion = 26.4.1;
						SystemCapabilities = {
							com.apple.Push = {
								enabled = 1;
							};
						};
					};
					5A00000000000000000A0001 = {
						CreatedOnToolsVersion = 26.4.1;
					};
					6B00000000000000000A0001 = {
						CreatedOnToolsVersion = 26.4.1;
					};
				};
			};
			buildConfigurationList = 428FEE982FAF234A0097E665 /* Build configuration list for PBXProject "ihsan" */;
			developmentRegion = en;
			hasScannedForEncodings = 0;
			knownRegions = (
				en,
				Base,
			);
			mainGroup = 428FEE942FAF234A0097E665;
			minimizedProjectReferenceProxies = 1;
			packageReferences = (
				428FEEC92FAF30000097E665 /* XCLocalSwiftPackageReference "Packages/IhsanPrayerTimes" */,
				428FEECA2FAF30000097E665 /* XCLocalSwiftPackageReference "Packages/IhsanCore" */,
				428FEED22FAF30000097E665 /* XCLocalSwiftPackageReference "Packages/IhsanIntents" */,
				428FEED52FAF30000097E665 /* XCLocalSwiftPackageReference "Packages/IhsanLocation" */,
				428FEED82FAF30000097E665 /* XCLocalSwiftPackageReference "Packages/IhsanDesignSystem" */,
				428FEEE22FAF30000097E665 /* XCLocalSwiftPackageReference "Packages/IhsanFiqhConfig" */,
				30F1FBBCA800318839855141 /* XCLocalSwiftPackageReference "Packages/IhsanNotifications" */,
			);
			preferredProjectObjectVersion = 77;
			productRefGroup = 428FEE9E2FAF234A0097E665 /* Products */;
			projectDirPath = "";
			projectRoot = "";
			targets = (
				428FEE9C2FAF234A0097E665 /* ihsan */,
				4F1D5E1100000000000000A3 /* ihsanWidgets */,
				5A00000000000000000A0001 /* ihsanWatch */,
				6B00000000000000000A0001 /* ihsanWatchWidgets */,
				428FEEA92FAF234C0097E665 /* ihsanTests */,
				428FEEB32FAF234C0097E665 /* ihsanUITests */,
			);
		};
/* End PBXProject section */

/* Begin PBXResourcesBuildPhase section */
		428FEE9B2FAF234A0097E665 /* Resources */ = {
			isa = PBXResourcesBuildPhase;
			buildActionMask = 2147483647;
			files = (
			);
			runOnlyForDeploymentPostprocessing = 0;
		};
		428FEEA82FAF234C0097E665 /* Resources */ = {
			isa = PBXResourcesBuildPhase;
			buildActionMask = 2147483647;
			files = (
			);
			runOnlyForDeploymentPostprocessing = 0;
		};
		428FEEB22FAF234C0097E665 /* Resources */ = {
			isa = PBXResourcesBuildPhase;
			buildActionMask = 2147483647;
			files = (
			);
			runOnlyForDeploymentPostprocessing = 0;
		};
		4F1D5E1100000000000000A6 /* Resources */ = {
			isa = PBXResourcesBuildPhase;
			buildActionMask = 2147483647;
			files = (
			);
			runOnlyForDeploymentPostprocessing = 0;
		};
		5A00000000000000000A0009 /* Resources */ = {
			isa = PBXResourcesBuildPhase;
			buildActionMask = 2147483647;
			files = (
			);
			runOnlyForDeploymentPostprocessing = 0;
		};
		6B00000000000000000A0009 /* Resources */ = {
			isa = PBXResourcesBuildPhase;
			buildActionMask = 2147483647;
			files = (
			);
			runOnlyForDeploymentPostprocessing = 0;
		};
/* End PBXResourcesBuildPhase section */

/* Begin PBXSourcesBuildPhase section */
		428FEE992FAF234A0097E665 /* Sources */ = {
			isa = PBXSourcesBuildPhase;
			buildActionMask = 2147483647;
			files = (
				ADC19F43D9CC99D8E04A514D /* PrayerActivityAttributes.swift in Sources */,
			);
			runOnlyForDeploymentPostprocessing = 0;
		};
		428FEEA62FAF234C0097E665 /* Sources */ = {
			isa = PBXSourcesBuildPhase;
			buildActionMask = 2147483647;
			files = (
			);
			runOnlyForDeploymentPostprocessing = 0;
		};
		428FEEB02FAF234C0097E665 /* Sources */ = {
			isa = PBXSourcesBuildPhase;
			buildActionMask = 2147483647;
			files = (
			);
			runOnlyForDeploymentPostprocessing = 0;
		};
		4F1D5E1100000000000000A4 /* Sources */ = {
			isa = PBXSourcesBuildPhase;
			buildActionMask = 2147483647;
			files = (
			);
			runOnlyForDeploymentPostprocessing = 0;
		};
		5A00000000000000000A0007 /* Sources */ = {
			isa = PBXSourcesBuildPhase;
			buildActionMask = 2147483647;
			files = (
			);
			runOnlyForDeploymentPostprocessing = 0;
		};
		6B00000000000000000A0007 /* Sources */ = {
			isa = PBXSourcesBuildPhase;
			buildActionMask = 2147483647;
			files = (
			);
			runOnlyForDeploymentPostprocessing = 0;
		};
/* End PBXSourcesBuildPhase section */

/* Begin PBXTargetDependency section */
		428FEEAC2FAF234C0097E665 /* PBXTargetDependency */ = {
			isa = PBXTargetDependency;
			target = 428FEE9C2FAF234A0097E665 /* ihsan */;
			targetProxy = 428FEEAB2FAF234C0097E665 /* PBXContainerItemProxy */;
		};
		428FEEB62FAF234C0097E665 /* PBXTargetDependency */ = {
			isa = PBXTargetDependency;
			target = 428FEE9C2FAF234A0097E665 /* ihsan */;
			targetProxy = 428FEEB52FAF234C0097E665 /* PBXContainerItemProxy */;
		};
		7C00000000000000000D0003 /* PBXTargetDependency */ = {
			isa = PBXTargetDependency;
			platformFilter = ios;
			target = 5A00000000000000000A0001 /* ihsanWatch */;
			targetProxy = 7C00000000000000000D0004 /* PBXContainerItemProxy */;
		};
		7C00000000000000000E0002 /* PBXTargetDependency */ = {
			isa = PBXTargetDependency;
			target = 6B00000000000000000A0001 /* ihsanWatchWidgets */;
			targetProxy = 7C00000000000000000E0003 /* PBXContainerItemProxy */;
		};
		4F1D5E1100000000000000D2 /* PBXTargetDependency */ = {
			isa = PBXTargetDependency;
			target = 4F1D5E1100000000000000A3 /* ihsanWidgets */;
			targetProxy = 4F1D5E1100000000000000D1 /* PBXContainerItemProxy */;
		};
/* End PBXTargetDependency section */

/* Begin XCBuildConfiguration section */
		428FEEBC2FAF234C0097E665 /* Debug */ = {
			isa = XCBuildConfiguration;
			buildSettings = {
				ALWAYS_SEARCH_USER_PATHS = NO;
				ASSETCATALOG_COMPILER_GENERATE_SWIFT_ASSET_SYMBOL_EXTENSIONS = YES;
				CLANG_ANALYZER_NONNULL = YES;
				CLANG_ANALYZER_NUMBER_OBJECT_CONVERSION = YES_AGGRESSIVE;
				CLANG_CXX_LANGUAGE_STANDARD = "gnu++20";
				CLANG_ENABLE_MODULES = YES;
				CLANG_ENABLE_OBJC_ARC = YES;
				CLANG_ENABLE_OBJC_WEAK = YES;
				CLANG_WARN_BLOCK_CAPTURE_AUTORELEASING = YES;
				CLANG_WARN_BOOL_CONVERSION = YES;
				CLANG_WARN_COMMA = YES;
				CLANG_WARN_CONSTANT_CONVERSION = YES;
				CLANG_WARN_DEPRECATED_OBJC_IMPLEMENTATIONS = YES;
				CLANG_WARN_DIRECT_OBJC_ISA_USAGE = YES_ERROR;
				CLANG_WARN_DOCUMENTATION_COMMENTS = YES;
				CLANG_WARN_EMPTY_BODY = YES;
				CLANG_WARN_ENUM_CONVERSION = YES;
				CLANG_WARN_INFINITE_RECURSION = YES;
				CLANG_WARN_INT_CONVERSION = YES;
				CLANG_WARN_NON_LITERAL_NULL_CONVERSION = YES;
				CLANG_WARN_OBJC_IMPLICIT_RETAIN_SELF = YES;
				CLANG_WARN_OBJC_LITERAL_CONVERSION = YES;
				CLANG_WARN_OBJC_ROOT_CLASS = YES_ERROR;
				CLANG_WARN_QUOTED_INCLUDE_IN_FRAMEWORK_HEADER = YES;
				CLANG_WARN_RANGE_LOOP_ANALYSIS = YES;
				CLANG_WARN_STRICT_PROTOTYPES = YES;
				CLANG_WARN_SUSPICIOUS_MOVE = YES;
				CLANG_WARN_UNGUARDED_AVAILABILITY = YES_AGGRESSIVE;
				CLANG_WARN_UNREACHABLE_CODE = YES;
				CLANG_WARN__DUPLICATE_METHOD_MATCH = YES;
				COPY_PHASE_STRIP = NO;
				DEBUG_INFORMATION_FORMAT = dwarf;
				DEVELOPMENT_TEAM = 5L4XYK45U6;
				ENABLE_STRICT_OBJC_MSGSEND = YES;
				ENABLE_TESTABILITY = YES;
				ENABLE_USER_SCRIPT_SANDBOXING = YES;
				GCC_C_LANGUAGE_STANDARD = gnu17;
				GCC_DYNAMIC_NO_PIC = NO;
				GCC_NO_COMMON_BLOCKS = YES;
				GCC_OPTIMIZATION_LEVEL = 0;
				GCC_PREPROCESSOR_DEFINITIONS = (
					"DEBUG=1",
					"$(inherited)",
				);
				GCC_WARN_64_TO_32_BIT_CONVERSION = YES;
				GCC_WARN_ABOUT_RETURN_TYPE = YES_ERROR;
				GCC_WARN_UNDECLARED_SELECTOR = YES;
				GCC_WARN_UNINITIALIZED_AUTOS = YES_AGGRESSIVE;
				GCC_WARN_UNUSED_FUNCTION = YES;
				GCC_WARN_UNUSED_VARIABLE = YES;
				LOCALIZATION_PREFERS_STRING_CATALOGS = YES;
				MTL_ENABLE_DEBUG_INFO = INCLUDE_SOURCE;
				MTL_FAST_MATH = YES;
				ONLY_ACTIVE_ARCH = YES;
				SWIFT_ACTIVE_COMPILATION_CONDITIONS = "DEBUG $(inherited)";
				SWIFT_OPTIMIZATION_LEVEL = "-Onone";
			};
			name = Debug;
		};
		428FEEBD2FAF234C0097E665 /* Release */ = {
			isa = XCBuildConfiguration;
			buildSettings = {
				ALWAYS_SEARCH_USER_PATHS = NO;
				ASSETCATALOG_COMPILER_GENERATE_SWIFT_ASSET_SYMBOL_EXTENSIONS = YES;
				CLANG_ANALYZER_NONNULL = YES;
				CLANG_ANALYZER_NUMBER_OBJECT_CONVERSION = YES_AGGRESSIVE;
				CLANG_CXX_LANGUAGE_STANDARD = "gnu++20";
				CLANG_ENABLE_MODULES = YES;
				CLANG_ENABLE_OBJC_ARC = YES;
				CLANG_ENABLE_OBJC_WEAK = YES;
				CLANG_WARN_BLOCK_CAPTURE_AUTORELEASING = YES;
				CLANG_WARN_BOOL_CONVERSION = YES;
				CLANG_WARN_COMMA = YES;
				CLANG_WARN_CONSTANT_CONVERSION = YES;
				CLANG_WARN_DEPRECATED_OBJC_IMPLEMENTATIONS = YES;
				CLANG_WARN_DIRECT_OBJC_ISA_USAGE = YES_ERROR;
				CLANG_WARN_DOCUMENTATION_COMMENTS = YES;
				CLANG_WARN_EMPTY_BODY = YES;
				CLANG_WARN_ENUM_CONVERSION = YES;
				CLANG_WARN_INFINITE_RECURSION = YES;
				CLANG_WARN_INT_CONVERSION = YES;
				CLANG_WARN_NON_LITERAL_NULL_CONVERSION = YES;
				CLANG_WARN_OBJC_IMPLICIT_RETAIN_SELF = YES;
				CLANG_WARN_OBJC_LITERAL_CONVERSION = YES;
				CLANG_WARN_OBJC_ROOT_CLASS = YES_ERROR;
				CLANG_WARN_QUOTED_INCLUDE_IN_FRAMEWORK_HEADER = YES;
				CLANG_WARN_RANGE_LOOP_ANALYSIS = YES;
				CLANG_WARN_STRICT_PROTOTYPES = YES;
				CLANG_WARN_SUSPICIOUS_MOVE = YES;
				CLANG_WARN_UNGUARDED_AVAILABILITY = YES_AGGRESSIVE;
				CLANG_WARN_UNREACHABLE_CODE = YES;
				CLANG_WARN__DUPLICATE_METHOD_MATCH = YES;
				COPY_PHASE_STRIP = NO;
				DEBUG_INFORMATION_FORMAT = "dwarf-with-dsym";
				DEVELOPMENT_TEAM = 5L4XYK45U6;
				ENABLE_NS_ASSERTIONS = NO;
				ENABLE_STRICT_OBJC_MSGSEND = YES;
				ENABLE_USER_SCRIPT_SANDBOXING = YES;
				GCC_C_LANGUAGE_STANDARD = gnu17;
				GCC_NO_COMMON_BLOCKS = YES;
				GCC_WARN_64_TO_32_BIT_CONVERSION = YES;
				GCC_WARN_ABOUT_RETURN_TYPE = YES_ERROR;
				GCC_WARN_UNDECLARED_SELECTOR = YES;
				GCC_WARN_UNINITIALIZED_AUTOS = YES_AGGRESSIVE;
				GCC_WARN_UNUSED_FUNCTION = YES;
				GCC_WARN_UNUSED_VARIABLE = YES;
				LOCALIZATION_PREFERS_STRING_CATALOGS = YES;
				MTL_ENABLE_DEBUG_INFO = NO;
				MTL_FAST_MATH = YES;
				SWIFT_COMPILATION_MODE = wholemodule;
			};
			name = Release;
		};
		428FEEBF2FAF234C0097E665 /* Debug */ = {
			isa = XCBuildConfiguration;
			buildSettings = {
				ASSETCATALOG_COMPILER_APPICON_NAME = AppIcon;
				ASSETCATALOG_COMPILER_GLOBAL_ACCENT_COLOR_NAME = AccentColor;
				CODE_SIGN_ENTITLEMENTS = ihsan/ihsan.entitlements;
				CODE_SIGN_STYLE = Automatic;
				CURRENT_PROJECT_VERSION = 1;
				DEVELOPMENT_TEAM = 5L4XYK45U6;
				ENABLE_APP_SANDBOX = YES;
				ENABLE_HARDENED_RUNTIME = YES;
				ENABLE_PREVIEWS = YES;
				ENABLE_USER_SELECTED_FILES = readonly;
				GENERATE_INFOPLIST_FILE = NO;
				INFOPLIST_FILE = ihsan/Info.plist;
				IPHONEOS_DEPLOYMENT_TARGET = 26.0;
				LD_RUNPATH_SEARCH_PATHS = "@executable_path/Frameworks";
				"LD_RUNPATH_SEARCH_PATHS[sdk=macosx*]" = "@executable_path/../Frameworks";
				MACOSX_DEPLOYMENT_TARGET = 26.3;
				MARKETING_VERSION = 1.0.0;
				PRODUCT_BUNDLE_IDENTIFIER = com.sameerstudios.ihsan;
				PRODUCT_NAME = "$(TARGET_NAME)";
				REGISTER_APP_GROUPS = YES;
				SDKROOT = auto;
				STRING_CATALOG_GENERATE_SYMBOLS = YES;
				SUPPORTED_PLATFORMS = "iphoneos iphonesimulator macosx xros xrsimulator";
				SWIFT_APPROACHABLE_CONCURRENCY = YES;
				SWIFT_DEFAULT_ACTOR_ISOLATION = MainActor;
				SWIFT_EMIT_LOC_STRINGS = YES;
				SWIFT_UPCOMING_FEATURE_MEMBER_IMPORT_VISIBILITY = YES;
				SWIFT_VERSION = 5.0;
				TARGETED_DEVICE_FAMILY = "1,2,7";
				XROS_DEPLOYMENT_TARGET = 26.4;
			};
			name = Debug;
		};
		428FEEC02FAF234C0097E665 /* Release */ = {
			isa = XCBuildConfiguration;
			buildSettings = {
				ASSETCATALOG_COMPILER_APPICON_NAME = AppIcon;
				ASSETCATALOG_COMPILER_GLOBAL_ACCENT_COLOR_NAME = AccentColor;
				CODE_SIGN_ENTITLEMENTS = ihsan/ihsan.entitlements;
				CODE_SIGN_STYLE = Automatic;
				CURRENT_PROJECT_VERSION = 1;
				DEVELOPMENT_TEAM = 5L4XYK45U6;
				ENABLE_APP_SANDBOX = YES;
				ENABLE_HARDENED_RUNTIME = YES;
				ENABLE_PREVIEWS = YES;
				ENABLE_USER_SELECTED_FILES = readonly;
				GENERATE_INFOPLIST_FILE = NO;
				INFOPLIST_FILE = ihsan/Info.plist;
				IPHONEOS_DEPLOYMENT_TARGET = 26.0;
				LD_RUNPATH_SEARCH_PATHS = "@executable_path/Frameworks";
				"LD_RUNPATH_SEARCH_PATHS[sdk=macosx*]" = "@executable_path/../Frameworks";
				MACOSX_DEPLOYMENT_TARGET = 26.3;
				MARKETING_VERSION = 1.0.0;
				PRODUCT_BUNDLE_IDENTIFIER = com.sameerstudios.ihsan;
				PRODUCT_NAME = "$(TARGET_NAME)";
				REGISTER_APP_GROUPS = YES;
				SDKROOT = auto;
				STRING_CATALOG_GENERATE_SYMBOLS = YES;
				SUPPORTED_PLATFORMS = "iphoneos iphonesimulator macosx xros xrsimulator";
				SWIFT_APPROACHABLE_CONCURRENCY = YES;
				SWIFT_DEFAULT_ACTOR_ISOLATION = MainActor;
				SWIFT_EMIT_LOC_STRINGS = YES;
				SWIFT_UPCOMING_FEATURE_MEMBER_IMPORT_VISIBILITY = YES;
				SWIFT_VERSION = 5.0;
				TARGETED_DEVICE_FAMILY = "1,2,7";
				XROS_DEPLOYMENT_TARGET = 26.4;
			};
			name = Release;
		};
		428FEEC22FAF234C0097E665 /* Debug */ = {
			isa = XCBuildConfiguration;
			buildSettings = {
				BUNDLE_LOADER = "$(TEST_HOST)";
				CODE_SIGN_STYLE = Automatic;
				CURRENT_PROJECT_VERSION = 1;
				DEVELOPMENT_TEAM = 5L4XYK45U6;
				GENERATE_INFOPLIST_FILE = YES;
				IPHONEOS_DEPLOYMENT_TARGET = 26.4;
				MACOSX_DEPLOYMENT_TARGET = 26.3;
				MARKETING_VERSION = 1.0.0;
				PRODUCT_BUNDLE_IDENTIFIER = com.sameerstudios.ihsanTests;
				PRODUCT_NAME = "$(TARGET_NAME)";
				SDKROOT = auto;
				STRING_CATALOG_GENERATE_SYMBOLS = NO;
				SUPPORTED_PLATFORMS = "iphoneos iphonesimulator macosx xros xrsimulator";
				SWIFT_APPROACHABLE_CONCURRENCY = YES;
				SWIFT_EMIT_LOC_STRINGS = NO;
				SWIFT_UPCOMING_FEATURE_MEMBER_IMPORT_VISIBILITY = YES;
				SWIFT_VERSION = 5.0;
				TARGETED_DEVICE_FAMILY = "1,2,7";
				TEST_HOST = "$(BUILT_PRODUCTS_DIR)/ihsan.app/$(BUNDLE_EXECUTABLE_FOLDER_PATH)/ihsan";
				XROS_DEPLOYMENT_TARGET = 26.4;
			};
			name = Debug;
		};
		428FEEC32FAF234C0097E665 /* Release */ = {
			isa = XCBuildConfiguration;
			buildSettings = {
				BUNDLE_LOADER = "$(TEST_HOST)";
				CODE_SIGN_STYLE = Automatic;
				CURRENT_PROJECT_VERSION = 1;
				DEVELOPMENT_TEAM = 5L4XYK45U6;
				GENERATE_INFOPLIST_FILE = YES;
				IPHONEOS_DEPLOYMENT_TARGET = 26.4;
				MACOSX_DEPLOYMENT_TARGET = 26.3;
				MARKETING_VERSION = 1.0.0;
				PRODUCT_BUNDLE_IDENTIFIER = com.sameerstudios.ihsanTests;
				PRODUCT_NAME = "$(TARGET_NAME)";
				SDKROOT = auto;
				STRING_CATALOG_GENERATE_SYMBOLS = NO;
				SUPPORTED_PLATFORMS = "iphoneos iphonesimulator macosx xros xrsimulator";
				SWIFT_APPROACHABLE_CONCURRENCY = YES;
				SWIFT_EMIT_LOC_STRINGS = NO;
				SWIFT_UPCOMING_FEATURE_MEMBER_IMPORT_VISIBILITY = YES;
				SWIFT_VERSION = 5.0;
				TARGETED_DEVICE_FAMILY = "1,2,7";
				TEST_HOST = "$(BUILT_PRODUCTS_DIR)/ihsan.app/$(BUNDLE_EXECUTABLE_FOLDER_PATH)/ihsan";
				XROS_DEPLOYMENT_TARGET = 26.4;
			};
			name = Release;
		};
		428FEEC52FAF234C0097E665 /* Debug */ = {
			isa = XCBuildConfiguration;
			buildSettings = {
				CODE_SIGN_STYLE = Automatic;
				CURRENT_PROJECT_VERSION = 1;
				DEVELOPMENT_TEAM = 5L4XYK45U6;
				GENERATE_INFOPLIST_FILE = YES;
				IPHONEOS_DEPLOYMENT_TARGET = 26.4;
				MACOSX_DEPLOYMENT_TARGET = 26.3;
				MARKETING_VERSION = 1.0.0;
				PRODUCT_BUNDLE_IDENTIFIER = com.sameerstudios.ihsanUITests;
				PRODUCT_NAME = "$(TARGET_NAME)";
				SDKROOT = auto;
				STRING_CATALOG_GENERATE_SYMBOLS = NO;
				SUPPORTED_PLATFORMS = "iphoneos iphonesimulator macosx xros xrsimulator";
				SWIFT_APPROACHABLE_CONCURRENCY = YES;
				SWIFT_EMIT_LOC_STRINGS = NO;
				SWIFT_UPCOMING_FEATURE_MEMBER_IMPORT_VISIBILITY = YES;
				SWIFT_VERSION = 5.0;
				TARGETED_DEVICE_FAMILY = "1,2,7";
				TEST_TARGET_NAME = ihsan;
				XROS_DEPLOYMENT_TARGET = 26.4;
			};
			name = Debug;
		};
		428FEEC62FAF234C0097E665 /* Release */ = {
			isa = XCBuildConfiguration;
			buildSettings = {
				CODE_SIGN_STYLE = Automatic;
				CURRENT_PROJECT_VERSION = 1;
				DEVELOPMENT_TEAM = 5L4XYK45U6;
				GENERATE_INFOPLIST_FILE = YES;
				IPHONEOS_DEPLOYMENT_TARGET = 26.4;
				MACOSX_DEPLOYMENT_TARGET = 26.3;
				MARKETING_VERSION = 1.0.0;
				PRODUCT_BUNDLE_IDENTIFIER = com.sameerstudios.ihsanUITests;
				PRODUCT_NAME = "$(TARGET_NAME)";
				SDKROOT = auto;
				STRING_CATALOG_GENERATE_SYMBOLS = NO;
				SUPPORTED_PLATFORMS = "iphoneos iphonesimulator macosx xros xrsimulator";
				SWIFT_APPROACHABLE_CONCURRENCY = YES;
				SWIFT_EMIT_LOC_STRINGS = NO;
				SWIFT_UPCOMING_FEATURE_MEMBER_IMPORT_VISIBILITY = YES;
				SWIFT_VERSION = 5.0;
				TARGETED_DEVICE_FAMILY = "1,2,7";
				TEST_TARGET_NAME = ihsan;
				XROS_DEPLOYMENT_TARGET = 26.4;
			};
			name = Release;
		};
		4F1D5E1100000000000000D4 /* Debug */ = {
			isa = XCBuildConfiguration;
			buildSettings = {
				ASSETCATALOG_COMPILER_GLOBAL_ACCENT_COLOR_NAME = AccentColor;
				CODE_SIGN_ENTITLEMENTS = ihsanWidgets/ihsanWidgets.entitlements;
				CODE_SIGN_STYLE = Automatic;
				CURRENT_PROJECT_VERSION = 1;
				DEVELOPMENT_TEAM = 5L4XYK45U6;
				ENABLE_PREVIEWS = YES;
				GENERATE_INFOPLIST_FILE = NO;
				INFOPLIST_FILE = ihsanWidgets/Info.plist;
				INFOPLIST_KEY_CFBundleDisplayName = Ihsan;
				INFOPLIST_KEY_NSHumanReadableCopyright = "";
				IPHONEOS_DEPLOYMENT_TARGET = 26.4;
				LD_RUNPATH_SEARCH_PATHS = (
					"$(inherited)",
					"@executable_path/Frameworks",
					"@executable_path/../../Frameworks",
				);
				"LD_RUNPATH_SEARCH_PATHS[sdk=macosx*]" = (
					"$(inherited)",
					"@executable_path/../Frameworks",
					"@executable_path/../../Frameworks",
				);
				MACOSX_DEPLOYMENT_TARGET = 26.3;
				MARKETING_VERSION = 1.0.0;
				PRODUCT_BUNDLE_IDENTIFIER = com.sameerstudios.ihsan.widgets;
				PRODUCT_NAME = "$(TARGET_NAME)";
				REGISTER_APP_GROUPS = YES;
				SDKROOT = auto;
				SKIP_INSTALL = YES;
				STRING_CATALOG_GENERATE_SYMBOLS = YES;
				SUPPORTED_PLATFORMS = "iphoneos iphonesimulator macosx xros xrsimulator";
				SWIFT_APPROACHABLE_CONCURRENCY = YES;
				SWIFT_DEFAULT_ACTOR_ISOLATION = MainActor;
				SWIFT_EMIT_LOC_STRINGS = YES;
				SWIFT_UPCOMING_FEATURE_MEMBER_IMPORT_VISIBILITY = YES;
				SWIFT_VERSION = 5.0;
				TARGETED_DEVICE_FAMILY = "1,2,7";
				XROS_DEPLOYMENT_TARGET = 26.4;
			};
			name = Debug;
		};
		4F1D5E1100000000000000D5 /* Release */ = {
			isa = XCBuildConfiguration;
			buildSettings = {
				ASSETCATALOG_COMPILER_GLOBAL_ACCENT_COLOR_NAME = AccentColor;
				CODE_SIGN_ENTITLEMENTS = ihsanWidgets/ihsanWidgets.entitlements;
				CODE_SIGN_STYLE = Automatic;
				CURRENT_PROJECT_VERSION = 1;
				DEVELOPMENT_TEAM = 5L4XYK45U6;
				ENABLE_PREVIEWS = YES;
				GENERATE_INFOPLIST_FILE = NO;
				INFOPLIST_FILE = ihsanWidgets/Info.plist;
				INFOPLIST_KEY_CFBundleDisplayName = Ihsan;
				INFOPLIST_KEY_NSHumanReadableCopyright = "";
				IPHONEOS_DEPLOYMENT_TARGET = 26.4;
				LD_RUNPATH_SEARCH_PATHS = (
					"$(inherited)",
					"@executable_path/Frameworks",
					"@executable_path/../../Frameworks",
				);
				"LD_RUNPATH_SEARCH_PATHS[sdk=macosx*]" = (
					"$(inherited)",
					"@executable_path/../Frameworks",
					"@executable_path/../../Frameworks",
				);
				MACOSX_DEPLOYMENT_TARGET = 26.3;
				MARKETING_VERSION = 1.0.0;
				PRODUCT_BUNDLE_IDENTIFIER = com.sameerstudios.ihsan.widgets;
				PRODUCT_NAME = "$(TARGET_NAME)";
				REGISTER_APP_GROUPS = YES;
				SDKROOT = auto;
				SKIP_INSTALL = YES;
				STRING_CATALOG_GENERATE_SYMBOLS = YES;
				SUPPORTED_PLATFORMS = "iphoneos iphonesimulator macosx xros xrsimulator";
				SWIFT_APPROACHABLE_CONCURRENCY = YES;
				SWIFT_DEFAULT_ACTOR_ISOLATION = MainActor;
				SWIFT_EMIT_LOC_STRINGS = YES;
				SWIFT_UPCOMING_FEATURE_MEMBER_IMPORT_VISIBILITY = YES;
				SWIFT_VERSION = 5.0;
				TARGETED_DEVICE_FAMILY = "1,2,7";
				XROS_DEPLOYMENT_TARGET = 26.4;
			};
			name = Release;
		};
		5A00000000000000000A0005 /* Debug */ = {
			isa = XCBuildConfiguration;
			buildSettings = {
				ASSETCATALOG_COMPILER_APPICON_NAME = AppIcon;
				ASSETCATALOG_COMPILER_GLOBAL_ACCENT_COLOR_NAME = AccentColor;
				CODE_SIGN_ENTITLEMENTS = ihsanWatch/ihsanWatch.entitlements;
				CODE_SIGN_STYLE = Automatic;
				CURRENT_PROJECT_VERSION = 1;
				DEVELOPMENT_TEAM = 5L4XYK45U6;
				ENABLE_PREVIEWS = YES;
				GENERATE_INFOPLIST_FILE = NO;
				INFOPLIST_FILE = ihsanWatch/Info.plist;
				LD_RUNPATH_SEARCH_PATHS = (
					"$(inherited)",
					"@executable_path/Frameworks",
				);
				MARKETING_VERSION = 1.0.0;
				PRODUCT_BUNDLE_IDENTIFIER = com.sameerstudios.ihsan.watchkitapp;
				PRODUCT_NAME = "$(TARGET_NAME)";
				SDKROOT = watchos;
				SKIP_INSTALL = NO;
				SUPPORTED_PLATFORMS = "watchos watchsimulator";
				SWIFT_APPROACHABLE_CONCURRENCY = YES;
				SWIFT_DEFAULT_ACTOR_ISOLATION = MainActor;
				SWIFT_EMIT_LOC_STRINGS = YES;
				SWIFT_UPCOMING_FEATURE_MEMBER_IMPORT_VISIBILITY = YES;
				SWIFT_VERSION = 5.0;
				TARGETED_DEVICE_FAMILY = 4;
				WATCHOS_DEPLOYMENT_TARGET = 26.0;
			};
			name = Debug;
		};
		5A00000000000000000A0006 /* Release */ = {
			isa = XCBuildConfiguration;
			buildSettings = {
				ASSETCATALOG_COMPILER_APPICON_NAME = AppIcon;
				ASSETCATALOG_COMPILER_GLOBAL_ACCENT_COLOR_NAME = AccentColor;
				CODE_SIGN_ENTITLEMENTS = ihsanWatch/ihsanWatch.entitlements;
				CODE_SIGN_STYLE = Automatic;
				CURRENT_PROJECT_VERSION = 1;
				DEVELOPMENT_TEAM = 5L4XYK45U6;
				ENABLE_PREVIEWS = YES;
				GENERATE_INFOPLIST_FILE = NO;
				INFOPLIST_FILE = ihsanWatch/Info.plist;
				LD_RUNPATH_SEARCH_PATHS = (
					"$(inherited)",
					"@executable_path/Frameworks",
				);
				MARKETING_VERSION = 1.0.0;
				PRODUCT_BUNDLE_IDENTIFIER = com.sameerstudios.ihsan.watchkitapp;
				PRODUCT_NAME = "$(TARGET_NAME)";
				SDKROOT = watchos;
				SKIP_INSTALL = NO;
				SUPPORTED_PLATFORMS = "watchos watchsimulator";
				SWIFT_APPROACHABLE_CONCURRENCY = YES;
				SWIFT_DEFAULT_ACTOR_ISOLATION = MainActor;
				SWIFT_EMIT_LOC_STRINGS = YES;
				SWIFT_UPCOMING_FEATURE_MEMBER_IMPORT_VISIBILITY = YES;
				SWIFT_VERSION = 5.0;
				TARGETED_DEVICE_FAMILY = 4;
				WATCHOS_DEPLOYMENT_TARGET = 26.0;
			};
			name = Release;
		};
		6B00000000000000000A0005 /* Debug */ = {
			isa = XCBuildConfiguration;
			buildSettings = {
				ASSETCATALOG_COMPILER_GLOBAL_ACCENT_COLOR_NAME = AccentColor;
				CODE_SIGN_ENTITLEMENTS = ihsanWatchWidgets/ihsanWatchWidgets.entitlements;
				CODE_SIGN_STYLE = Automatic;
				CURRENT_PROJECT_VERSION = 1;
				DEVELOPMENT_TEAM = 5L4XYK45U6;
				ENABLE_PREVIEWS = YES;
				GENERATE_INFOPLIST_FILE = NO;
				INFOPLIST_FILE = ihsanWatchWidgets/Info.plist;
				LD_RUNPATH_SEARCH_PATHS = (
					"$(inherited)",
					"@executable_path/Frameworks",
					"@executable_path/../../Frameworks",
				);
				MARKETING_VERSION = 1.0.0;
				PRODUCT_BUNDLE_IDENTIFIER = com.sameerstudios.ihsan.watchkitapp.complications;
				PRODUCT_NAME = "$(TARGET_NAME)";
				SDKROOT = watchos;
				SKIP_INSTALL = YES;
				SUPPORTED_PLATFORMS = "watchos watchsimulator";
				SWIFT_APPROACHABLE_CONCURRENCY = YES;
				SWIFT_DEFAULT_ACTOR_ISOLATION = MainActor;
				SWIFT_EMIT_LOC_STRINGS = YES;
				SWIFT_UPCOMING_FEATURE_MEMBER_IMPORT_VISIBILITY = YES;
				SWIFT_VERSION = 5.0;
				TARGETED_DEVICE_FAMILY = 4;
				WATCHOS_DEPLOYMENT_TARGET = 26.0;
			};
			name = Debug;
		};
		6B00000000000000000A0006 /* Release */ = {
			isa = XCBuildConfiguration;
			buildSettings = {
				ASSETCATALOG_COMPILER_GLOBAL_ACCENT_COLOR_NAME = AccentColor;
				CODE_SIGN_ENTITLEMENTS = ihsanWatchWidgets/ihsanWatchWidgets.entitlements;
				CODE_SIGN_STYLE = Automatic;
				CURRENT_PROJECT_VERSION = 1;
				DEVELOPMENT_TEAM = 5L4XYK45U6;
				ENABLE_PREVIEWS = YES;
				GENERATE_INFOPLIST_FILE = NO;
				INFOPLIST_FILE = ihsanWatchWidgets/Info.plist;
				LD_RUNPATH_SEARCH_PATHS = (
					"$(inherited)",
					"@executable_path/Frameworks",
					"@executable_path/../../Frameworks",
				);
				MARKETING_VERSION = 1.0.0;
				PRODUCT_BUNDLE_IDENTIFIER = com.sameerstudios.ihsan.watchkitapp.complications;
				PRODUCT_NAME = "$(TARGET_NAME)";
				SDKROOT = watchos;
				SKIP_INSTALL = YES;
				SUPPORTED_PLATFORMS = "watchos watchsimulator";
				SWIFT_APPROACHABLE_CONCURRENCY = YES;
				SWIFT_DEFAULT_ACTOR_ISOLATION = MainActor;
				SWIFT_EMIT_LOC_STRINGS = YES;
				SWIFT_UPCOMING_FEATURE_MEMBER_IMPORT_VISIBILITY = YES;
				SWIFT_VERSION = 5.0;
				TARGETED_DEVICE_FAMILY = 4;
				WATCHOS_DEPLOYMENT_TARGET = 26.0;
			};
			name = Release;
		};
/* End XCBuildConfiguration section */

/* Begin XCConfigurationList section */
		428FEE982FAF234A0097E665 /* Build configuration list for PBXProject "ihsan" */ = {
			isa = XCConfigurationList;
			buildConfigurations = (
				428FEEBC2FAF234C0097E665 /* Debug */,
				428FEEBD2FAF234C0097E665 /* Release */,
			);
			defaultConfigurationIsVisible = 0;
			defaultConfigurationName = Release;
		};
		428FEEBE2FAF234C0097E665 /* Build configuration list for PBXNativeTarget "ihsan" */ = {
			isa = XCConfigurationList;
			buildConfigurations = (
				428FEEBF2FAF234C0097E665 /* Debug */,
				428FEEC02FAF234C0097E665 /* Release */,
			);
			defaultConfigurationIsVisible = 0;
			defaultConfigurationName = Release;
		};
		428FEEC12FAF234C0097E665 /* Build configuration list for PBXNativeTarget "ihsanTests" */ = {
			isa = XCConfigurationList;
			buildConfigurations = (
				428FEEC22FAF234C0097E665 /* Debug */,
				428FEEC32FAF234C0097E665 /* Release */,
			);
			defaultConfigurationIsVisible = 0;
			defaultConfigurationName = Release;
		};
		428FEEC42FAF234C0097E665 /* Build configuration list for PBXNativeTarget "ihsanUITests" */ = {
			isa = XCConfigurationList;
			buildConfigurations = (
				428FEEC52FAF234C0097E665 /* Debug */,
				428FEEC62FAF234C0097E665 /* Release */,
			);
			defaultConfigurationIsVisible = 0;
			defaultConfigurationName = Release;
		};
		4F1D5E1100000000000000D3 /* Build configuration list for PBXNativeTarget "ihsanWidgets" */ = {
			isa = XCConfigurationList;
			buildConfigurations = (
				4F1D5E1100000000000000D4 /* Debug */,
				4F1D5E1100000000000000D5 /* Release */,
			);
			defaultConfigurationIsVisible = 0;
			defaultConfigurationName = Release;
		};
		5A00000000000000000A0004 /* Build configuration list for PBXNativeTarget "ihsanWatch" */ = {
			isa = XCConfigurationList;
			buildConfigurations = (
				5A00000000000000000A0005 /* Debug */,
				5A00000000000000000A0006 /* Release */,
			);
			defaultConfigurationIsVisible = 0;
			defaultConfigurationName = Release;
		};
		6B00000000000000000A0004 /* Build configuration list for PBXNativeTarget "ihsanWatchWidgets" */ = {
			isa = XCConfigurationList;
			buildConfigurations = (
				6B00000000000000000A0005 /* Debug */,
				6B00000000000000000A0006 /* Release */,
			);
			defaultConfigurationIsVisible = 0;
			defaultConfigurationName = Release;
		};
/* End XCConfigurationList section */

/* Begin XCLocalSwiftPackageReference section */
		428FEEC92FAF30000097E665 /* XCLocalSwiftPackageReference "Packages/IhsanPrayerTimes" */ = {
			isa = XCLocalSwiftPackageReference;
			relativePath = Packages/IhsanPrayerTimes;
		};
		428FEECA2FAF30000097E665 /* XCLocalSwiftPackageReference "Packages/IhsanCore" */ = {
			isa = XCLocalSwiftPackageReference;
			relativePath = Packages/IhsanCore;
		};
		428FEED22FAF30000097E665 /* XCLocalSwiftPackageReference "Packages/IhsanIntents" */ = {
			isa = XCLocalSwiftPackageReference;
			relativePath = Packages/IhsanIntents;
		};
		428FEED52FAF30000097E665 /* XCLocalSwiftPackageReference "Packages/IhsanLocation" */ = {
			isa = XCLocalSwiftPackageReference;
			relativePath = Packages/IhsanLocation;
		};
		428FEED82FAF30000097E665 /* XCLocalSwiftPackageReference "Packages/IhsanDesignSystem" */ = {
			isa = XCLocalSwiftPackageReference;
			relativePath = Packages/IhsanDesignSystem;
		};
		428FEEE22FAF30000097E665 /* XCLocalSwiftPackageReference "Packages/IhsanFiqhConfig" */ = {
			isa = XCLocalSwiftPackageReference;
			relativePath = Packages/IhsanFiqhConfig;
		};
		30F1FBBCA800318839855141 /* XCLocalSwiftPackageReference "Packages/IhsanNotifications" */ = {
			isa = XCLocalSwiftPackageReference;
			relativePath = Packages/IhsanNotifications;
		};
/* End XCLocalSwiftPackageReference section */

/* Begin XCSwiftPackageProductDependency section */
		013613F2DD60853016B1DAFC /* IhsanNotifications */ = {
			isa = XCSwiftPackageProductDependency;
			package = 30F1FBBCA800318839855141 /* XCLocalSwiftPackageReference "Packages/IhsanNotifications" */;
			productName = IhsanNotifications;
		};
		428FEEC82FAF30000097E665 /* IhsanPrayerTimes */ = {
			isa = XCSwiftPackageProductDependency;
			package = 428FEEC92FAF30000097E665 /* XCLocalSwiftPackageReference "Packages/IhsanPrayerTimes" */;
			productName = IhsanPrayerTimes;
		};
		428FEECC2FAF30000097E665 /* IhsanCore */ = {
			isa = XCSwiftPackageProductDependency;
			package = 428FEECA2FAF30000097E665 /* XCLocalSwiftPackageReference "Packages/IhsanCore" */;
			productName = IhsanCore;
		};
		428FEED12FAF30000097E665 /* IhsanIntents */ = {
			isa = XCSwiftPackageProductDependency;
			package = 428FEED22FAF30000097E665 /* XCLocalSwiftPackageReference "Packages/IhsanIntents" */;
			productName = IhsanIntents;
		};
		428FEED42FAF30000097E665 /* IhsanLocation */ = {
			isa = XCSwiftPackageProductDependency;
			package = 428FEED52FAF30000097E665 /* XCLocalSwiftPackageReference "Packages/IhsanLocation" */;
			productName = IhsanLocation;
		};
		428FEED72FAF30000097E665 /* IhsanDesignSystem */ = {
			isa = XCSwiftPackageProductDependency;
			package = 428FEED82FAF30000097E665 /* XCLocalSwiftPackageReference "Packages/IhsanDesignSystem" */;
			productName = IhsanDesignSystem;
		};
		428FEEE12FAF30000097E665 /* IhsanFiqhConfig */ = {
			isa = XCSwiftPackageProductDependency;
			package = 428FEEE22FAF30000097E665 /* XCLocalSwiftPackageReference "Packages/IhsanFiqhConfig" */;
			productName = IhsanFiqhConfig;
		};
		4F1D5E1100000000000000C1 /* IhsanCore */ = {
			isa = XCSwiftPackageProductDependency;
			package = 428FEECA2FAF30000097E665 /* XCLocalSwiftPackageReference "Packages/IhsanCore" */;
			productName = IhsanCore;
		};
		4F1D5E1100000000000000C2 /* IhsanPrayerTimes */ = {
			isa = XCSwiftPackageProductDependency;
			package = 428FEEC92FAF30000097E665 /* XCLocalSwiftPackageReference "Packages/IhsanPrayerTimes" */;
			productName = IhsanPrayerTimes;
		};
		4F1D5E1100000000000000C3 /* IhsanIntents */ = {
			isa = XCSwiftPackageProductDependency;
			package = 428FEED22FAF30000097E665 /* XCLocalSwiftPackageReference "Packages/IhsanIntents" */;
			productName = IhsanIntents;
		};
		4F1D5E1100000000000000C4 /* IhsanDesignSystem */ = {
			isa = XCSwiftPackageProductDependency;
			package = 428FEED82FAF30000097E665 /* XCLocalSwiftPackageReference "Packages/IhsanDesignSystem" */;
			productName = IhsanDesignSystem;
		};
		5A00000000000000000C0001 /* IhsanCore */ = {
			isa = XCSwiftPackageProductDependency;
			package = 428FEECA2FAF30000097E665 /* XCLocalSwiftPackageReference "Packages/IhsanCore" */;
			productName = IhsanCore;
		};
		5A00000000000000000C0002 /* IhsanPrayerTimes */ = {
			isa = XCSwiftPackageProductDependency;
			package = 428FEEC92FAF30000097E665 /* XCLocalSwiftPackageReference "Packages/IhsanPrayerTimes" */;
			productName = IhsanPrayerTimes;
		};
		5A00000000000000000C0003 /* IhsanIntents */ = {
			isa = XCSwiftPackageProductDependency;
			package = 428FEED22FAF30000097E665 /* XCLocalSwiftPackageReference "Packages/IhsanIntents" */;
			productName = IhsanIntents;
		};
		5A00000000000000000C0004 /* IhsanLocation */ = {
			isa = XCSwiftPackageProductDependency;
			package = 428FEED52FAF30000097E665 /* XCLocalSwiftPackageReference "Packages/IhsanLocation" */;
			productName = IhsanLocation;
		};
		5A00000000000000000C0005 /* IhsanDesignSystem */ = {
			isa = XCSwiftPackageProductDependency;
			package = 428FEED82FAF30000097E665 /* XCLocalSwiftPackageReference "Packages/IhsanDesignSystem" */;
			productName = IhsanDesignSystem;
		};
		5A00000000000000000C0006 /* IhsanFiqhConfig */ = {
			isa = XCSwiftPackageProductDependency;
			package = 428FEEE22FAF30000097E665 /* XCLocalSwiftPackageReference "Packages/IhsanFiqhConfig" */;
			productName = IhsanFiqhConfig;
		};
		6B00000000000000000C0001 /* IhsanCore */ = {
			isa = XCSwiftPackageProductDependency;
			package = 428FEECA2FAF30000097E665 /* XCLocalSwiftPackageReference "Packages/IhsanCore" */;
			productName = IhsanCore;
		};
		6B00000000000000000C0002 /* IhsanPrayerTimes */ = {
			isa = XCSwiftPackageProductDependency;
			package = 428FEEC92FAF30000097E665 /* XCLocalSwiftPackageReference "Packages/IhsanPrayerTimes" */;
			productName = IhsanPrayerTimes;
		};
		6B00000000000000000C0003 /* IhsanLocation */ = {
			isa = XCSwiftPackageProductDependency;
			package = 428FEED52FAF30000097E665 /* XCLocalSwiftPackageReference "Packages/IhsanLocation" */;
			productName = IhsanLocation;
		};
		6B00000000000000000C0004 /* IhsanDesignSystem */ = {
			isa = XCSwiftPackageProductDependency;
			package = 428FEED82FAF30000097E665 /* XCLocalSwiftPackageReference "Packages/IhsanDesignSystem" */;
			productName = IhsanDesignSystem;
		};
		6B00000000000000000C0005 /* IhsanIntents */ = {
			isa = XCSwiftPackageProductDependency;
			package = 428FEED22FAF30000097E665 /* XCLocalSwiftPackageReference "Packages/IhsanIntents" */;
			productName = IhsanIntents;
		};
/* End XCSwiftPackageProductDependency section */
	};
	rootObject = 428FEE952FAF234A0097E665 /* Project object */;
}
